{
    "_meta": {
        "hash": {
            "sha256": "1e1f5e8ac9c4cd6bb2e33f9bc712cbec448c6a4b8bc89e863ac9378432d0bf94"
        },
        "pipfile-spec": 6,
        "requires": {
            "python_full_version": "3.6.6"
        },
        "sources": [
            {
                "name": "pypi",
                "url": "https://pypi.org/simple",
                "verify_ssl": true
            }
        ]
    },
    "default": {},
    "develop": {}
}
